
Microsoft Visual Studio Solution File, Format Version 12.00
# Visual Studio 15
VisualStudioVersion = 15.0.28010.2026
MinimumVisualStudioVersion = 10.0.40219.1
Project("{8BC9CEB8-8B4A-11D0-8D11-00A0C91BC942}") = "Huffman_coding", "Huffman_coding\Huffman_coding.vcxproj", "{5AE5D8DD-95EF-4EF6-ABD2-AAF8917034D5}"
EndProject
Project("{8BC9CEB8-8B4A-11D0-8D11-00A0C91BC942}") = "Huffman_test", "Huffman_test\Huffman_test.vcxproj", "{7801A5C3-9227-4BD0-B8BF-D51A6B16E6F4}"
EndProject
Project("{8BC9CEB8-8B4A-11D0-8D11-00A0C91BC942}") = "UnitTest1", "UnitTest1\UnitTest1.vcxproj", "{86BA136B-B399-49A2-BA84-6075F5411C3A}"
EndProject
Project("{8BC9CEB8-8B4A-11D0-8D11-00A0C91BC942}") = "UnitTest2", "UnitTest2\UnitTest2.vcxproj", "{03EF9B81-0D37-46EB-8046-EA2D403C122D}"
EndProject
Global
	GlobalSection(SolutionConfigurationPlatforms) = preSolution
		Debug|x64 = Debug|x64
		Debug|x86 = Debug|x86
		Release|x64 = Release|x64
		Release|x86 = Release|x86
	EndGlobalSection
	GlobalSection(ProjectConfigurationPlatforms) = postSolution
		{5AE5D8DD-95EF-4EF6-ABD2-AAF8917034D5}.Debug|x64.ActiveCfg = Debug|x64
		{5AE5D8DD-95EF-4EF6-ABD2-AAF8917034D5}.Debug|x64.Build.0 = Debug|x64
		{5AE5D8DD-95EF-4EF6-ABD2-AAF8917034D5}.Debug|x86.ActiveCfg = Debug|Win32
		{5AE5D8DD-95EF-4EF6-ABD2-AAF8917034D5}.Debug|x86.Build.0 = Debug|Win32
		{5AE5D8DD-95EF-4EF6-ABD2-AAF8917034D5}.Release|x64.ActiveCfg = Release|x64
		{5AE5D8DD-95EF-4EF6-ABD2-AAF8917034D5}.Release|x64.Build.0 = Release|x64
		{5AE5D8DD-95EF-4EF6-ABD2-AAF8917034D5}.Release|x86.ActiveCfg = Release|Win32
		{5AE5D8DD-95EF-4EF6-ABD2-AAF8917034D5}.Release|x86.Build.0 = Release|Win32
		{7801A5C3-9227-4BD0-B8BF-D51A6B16E6F4}.Debug|x64.ActiveCfg = Debug|x64
		{7801A5C3-9227-4BD0-B8BF-D51A6B16E6F4}.Debug|x64.Build.0 = Debug|x64
		{7801A5C3-9227-4BD0-B8BF-D51A6B16E6F4}.Debug|x86.ActiveCfg = Debug|Win32
		{7801A5C3-9227-4BD0-B8BF-D51A6B16E6F4}.Debug|x86.Build.0 = Debug|Win32
		{7801A5C3-9227-4BD0-B8BF-D51A6B16E6F4}.Release|x64.ActiveCfg = Release|x64
		{7801A5C3-9227-4BD0-B8BF-D51A6B16E6F4}.Release|x64.Build.0 = Release|x64
		{7801A5C3-9227-4BD0-B8BF-D51A6B16E6F4}.Release|x86.ActiveCfg = Release|Win32
		{7801A5C3-9227-4BD0-B8BF-D51A6B16E6F4}.Release|x86.Build.0 = Release|Win32
		{86BA136B-B399-49A2-BA84-6075F5411C3A}.Debug|x64.ActiveCfg = Debug|x64
		{86BA136B-B399-49A2-BA84-6075F5411C3A}.Debug|x64.Build.0 = Debug|x64
		{86BA136B-B399-49A2-BA84-6075F5411C3A}.Debug|x86.ActiveCfg = Debug|Win32
		{86BA136B-B399-49A2-BA84-6075F5411C3A}.Debug|x86.Build.0 = Debug|Win32
		{86BA136B-B399-49A2-BA84-6075F5411C3A}.Release|x64.ActiveCfg = Release|x64
		{86BA136B-B399-49A2-BA84-6075F5411C3A}.Release|x64.Build.0 = Release|x64
		{86BA136B-B399-49A2-BA84-6075F5411C3A}.Release|x86.ActiveCfg = Release|Win32
		{86BA136B-B399-49A2-BA84-6075F5411C3A}.Release|x86.Build.0 = Release|Win32
		{03EF9B81-0D37-46EB-8046-EA2D403C122D}.Debug|x64.ActiveCfg = Debug|x64
		{03EF9B81-0D37-46EB-8046-EA2D403C122D}.Debug|x64.Build.0 = Debug|x64
		{03EF9B81-0D37-46EB-8046-EA2D403C122D}.Debug|x86.ActiveCfg = Debug|Win32
		{03EF9B81-0D37-46EB-8046-EA2D403C122D}.Debug|x86.Build.0 = Debug|Win32
		{03EF9B81-0D37-46EB-8046-EA2D403C122D}.Release|x64.ActiveCfg = Release|x64
		{03EF9B81-0D37-46EB-8046-EA2D403C122D}.Release|x64.Build.0 = Release|x64
		{03EF9B81-0D37-46EB-8046-EA2D403C122D}.Release|x86.ActiveCfg = Release|Win32
		{03EF9B81-0D37-46EB-8046-EA2D403C122D}.Release|x86.Build.0 = Release|Win32
	EndGlobalSection
	GlobalSection(SolutionProperties) = preSolution
		HideSolutionNode = FALSE
	EndGlobalSection
	GlobalSection(ExtensibilityGlobals) = postSolution
		SolutionGuid = {7B3792D2-62A8-4D27-BF5D-12353FCC6A75}
	EndGlobalSection
EndGlobal
